
Microsoft Visual Studio Solution File, Format Version 12.00
# Visual Studio Version 17
VisualStudioVersion = 17.4.33205.214
MinimumVisualStudioVersion = 10.0.40219.1
Project("{FAE04EC0-301F-11D3-BF4B-00C04F79EFBC}") = "ScrapingUI", "ScrapingUI\ScrapingUI.csproj", "{AADDCF63-4658-4656-92F3-F890515EF41D}"
EndProject
Project("{9A19103F-16F7-4668-BE54-9A1E7A4F7556}") = "CommonsUtility", "..\CommonsUtility\CommonsUtility\CommonsUtility.csproj", "{D65AE781-9CB9-469A-945C-55865BB17CE7}"
EndProject
Project("{9A19103F-16F7-4668-BE54-9A1E7A4F7556}") = "WebDriverUtility", "..\WebDriverUtility\WebDriverUtility\WebDriverUtility.csproj", "{BBBCBE7D-A92E-470D-A60A-B634DB75B516}"
EndProject
Global
	GlobalSection(SolutionConfigurationPlatforms) = preSolution
		Debug|Any CPU = Debug|Any CPU
		Release|Any CPU = Release|Any CPU
	EndGlobalSection
	GlobalSection(ProjectConfigurationPlatforms) = postSolution
		{AADDCF63-4658-4656-92F3-F890515EF41D}.Debug|Any CPU.ActiveCfg = Debug|Any CPU
		{AADDCF63-4658-4656-92F3-F890515EF41D}.Debug|Any CPU.Build.0 = Debug|Any CPU
		{AADDCF63-4658-4656-92F3-F890515EF41D}.Release|Any CPU.ActiveCfg = Release|Any CPU
		{AADDCF63-4658-4656-92F3-F890515EF41D}.Release|Any CPU.Build.0 = Release|Any CPU
		{D65AE781-9CB9-469A-945C-55865BB17CE7}.Debug|Any CPU.ActiveCfg = Debug|Any CPU
		{D65AE781-9CB9-469A-945C-55865BB17CE7}.Debug|Any CPU.Build.0 = Debug|Any CPU
		{D65AE781-9CB9-469A-945C-55865BB17CE7}.Release|Any CPU.ActiveCfg = Release|Any CPU
		{D65AE781-9CB9-469A-945C-55865BB17CE7}.Release|Any CPU.Build.0 = Release|Any CPU
		{BBBCBE7D-A92E-470D-A60A-B634DB75B516}.Debug|Any CPU.ActiveCfg = Debug|Any CPU
		{BBBCBE7D-A92E-470D-A60A-B634DB75B516}.Debug|Any CPU.Build.0 = Debug|Any CPU
		{BBBCBE7D-A92E-470D-A60A-B634DB75B516}.Release|Any CPU.ActiveCfg = Release|Any CPU
		{BBBCBE7D-A92E-470D-A60A-B634DB75B516}.Release|Any CPU.Build.0 = Release|Any CPU
	EndGlobalSection
	GlobalSection(SolutionProperties) = preSolution
		HideSolutionNode = FALSE
	EndGlobalSection
	GlobalSection(ExtensibilityGlobals) = postSolution
		SolutionGuid = {9CF4774A-D598-488E-B585-4DE717EDE488}
	EndGlobalSection
EndGlobal
