
Microsoft Visual Studio Solution File, Format Version 12.00
# Visual Studio Version 17
VisualStudioVersion = 17.4.33205.214
MinimumVisualStudioVersion = 10.0.40219.1
Project("{9A19103F-16F7-4668-BE54-9A1E7A4F7556}") = "ConsoleApp1", "ConsoleApp1\ConsoleApp1.csproj", "{5DDCAA95-53C3-43E9-9898-07CAA6006999}"
EndProject
Project("{9A19103F-16F7-4668-BE54-9A1E7A4F7556}") = "CommonsUtility", "..\CommonsUtility\CommonsUtility\CommonsUtility.csproj", "{3270C9D6-BE86-4834-AF54-78F90A213B44}"
EndProject
Project("{9A19103F-16F7-4668-BE54-9A1E7A4F7556}") = "WebDriverUtility", "..\WebDriverUtility\WebDriverUtility\WebDriverUtility.csproj", "{A8CE78F6-C8D8-46DC-84AE-F35228FBDC67}"
EndProject
Global
	GlobalSection(SolutionConfigurationPlatforms) = preSolution
		Debug|Any CPU = Debug|Any CPU
		Release|Any CPU = Release|Any CPU
	EndGlobalSection
	GlobalSection(ProjectConfigurationPlatforms) = postSolution
		{5DDCAA95-53C3-43E9-9898-07CAA6006999}.Debug|Any CPU.ActiveCfg = Debug|Any CPU
		{5DDCAA95-53C3-43E9-9898-07CAA6006999}.Debug|Any CPU.Build.0 = Debug|Any CPU
		{5DDCAA95-53C3-43E9-9898-07CAA6006999}.Release|Any CPU.ActiveCfg = Release|Any CPU
		{5DDCAA95-53C3-43E9-9898-07CAA6006999}.Release|Any CPU.Build.0 = Release|Any CPU
		{3270C9D6-BE86-4834-AF54-78F90A213B44}.Debug|Any CPU.ActiveCfg = Debug|Any CPU
		{3270C9D6-BE86-4834-AF54-78F90A213B44}.Debug|Any CPU.Build.0 = Debug|Any CPU
		{3270C9D6-BE86-4834-AF54-78F90A213B44}.Release|Any CPU.ActiveCfg = Release|Any CPU
		{3270C9D6-BE86-4834-AF54-78F90A213B44}.Release|Any CPU.Build.0 = Release|Any CPU
		{A8CE78F6-C8D8-46DC-84AE-F35228FBDC67}.Debug|Any CPU.ActiveCfg = Debug|Any CPU
		{A8CE78F6-C8D8-46DC-84AE-F35228FBDC67}.Debug|Any CPU.Build.0 = Debug|Any CPU
		{A8CE78F6-C8D8-46DC-84AE-F35228FBDC67}.Release|Any CPU.ActiveCfg = Release|Any CPU
		{A8CE78F6-C8D8-46DC-84AE-F35228FBDC67}.Release|Any CPU.Build.0 = Release|Any CPU
	EndGlobalSection
	GlobalSection(SolutionProperties) = preSolution
		HideSolutionNode = FALSE
	EndGlobalSection
	GlobalSection(ExtensibilityGlobals) = postSolution
		SolutionGuid = {18DDFB96-2105-47CD-A5F1-550C88B9598B}
	EndGlobalSection
EndGlobal
